{
  "name": "i-need-dummy-data",
  "version": "1.0.0",
  "lockfileVersion": 3,
  "requires": true,
  "packages": {
    "": {
      "name": "i-need-dummy-data",
      "version": "1.0.0",
      "license": "ISC",
      "dependencies": {
        "@faker-js/faker": "^9.1.0",
        "uuid": "^11.0.2"
      }
    },
    "node_modules/@faker-js/faker": {
      "version": "9.1.0",
      "resolved": "https://registry.npmjs.org/@faker-js/faker/-/faker-9.1.0.tgz",
      "integrity": "sha512-GJvX9iM9PBtKScJVlXQ0tWpihK3i0pha/XAhzQa1hPK/ILLa1Wq3I63Ij7lRtqTwmdTxRCyrUhLC5Sly9SLbug==",
      "funding": [
        {
          "type": "opencollective",
          "url": "https://opencollective.com/fakerjs"
        }
      ],
      "engines": {
        "node": ">=18.0.0",
        "npm": ">=9.0.0"
      }
    },
    "node_modules/uuid": {
      "version": "11.0.2",
      "resolved": "https://registry.npmjs.org/uuid/-/uuid-11.0.2.tgz",
      "integrity": "sha512-14FfcOJmqdjbBPdDjFQyk/SdT4NySW4eM0zcG+HqbHP5jzuH56xO3J1DGhgs/cEMCfwYi3HQI1gnTO62iaG+tQ==",
      "funding": [
        "https://github.com/sponsors/broofa",
        "https://github.com/sponsors/ctavan"
      ],
      "bin": {
        "uuid": "dist/esm/bin/uuid"
      }
    }
  }
}
